
Microsoft Visual Studio Solution File, Format Version 12.00
# Visual Studio Version 17
VisualStudioVersion = 17.7.34221.43
MinimumVisualStudioVersion = 10.0.40219.1
Project("{FAE04EC0-301F-11D3-BF4B-00C04F79EFBC}") = "DIXCU", "DIXCU\DIXCU.csproj", "{F790BFB3-98B1-4869-873E-1900C64F370A}"
EndProject
Global
	GlobalSection(SolutionConfigurationPlatforms) = preSolution
		Debug|Any CPU = Debug|Any CPU
		Release|Any CPU = Release|Any CPU
	EndGlobalSection
	GlobalSection(ProjectConfigurationPlatforms) = postSolution
		{F790BFB3-98B1-4869-873E-1900C64F370A}.Debug|Any CPU.ActiveCfg = Debug|Any CPU
		{F790BFB3-98B1-4869-873E-1900C64F370A}.Debug|Any CPU.Build.0 = Debug|Any CPU
		{F790BFB3-98B1-4869-873E-1900C64F370A}.Debug|Any CPU.Deploy.0 = Debug|Any CPU
		{F790BFB3-98B1-4869-873E-1900C64F370A}.Release|Any CPU.ActiveCfg = Release|Any CPU
		{F790BFB3-98B1-4869-873E-1900C64F370A}.Release|Any CPU.Build.0 = Release|Any CPU
		{F790BFB3-98B1-4869-873E-1900C64F370A}.Release|Any CPU.Deploy.0 = Release|Any CPU
	EndGlobalSection
	GlobalSection(SolutionProperties) = preSolution
		HideSolutionNode = FALSE
	EndGlobalSection
	GlobalSection(ExtensibilityGlobals) = postSolution
		SolutionGuid = {910E0137-D046-4CC8-8550-0F82E5A70D50}
	EndGlobalSection
EndGlobal
